PODS:
  - Alamofire (4.8.2)
  - Kingfisher (4.10.1)
  - MJRefresh (3.1.17)
  - Moya (13.0.1):
    - Moya/Core (= 13.0.1)
  - Moya/Core (13.0.1):
    - Alamofire (~> 4.1)
    - Result (~> 4.1)
  - Moya/RxSwift (13.0.1):
    - Moya/Core
    - RxSwift (~> 4.0)
  - PKHUD (5.2.1)
  - Realm (3.14.2):
    - Realm/Headers (= 3.14.2)
  - Realm/Headers (3.14.2)
  - RealmSwift (3.14.2):
    - Realm (= 3.14.2)
  - Result (4.1.0)
  - RxSwift (4.5.0)
  - SnapKit (4.2.0)

DEPENDENCIES:
  - Alamofire (~> 4.8.2)
  - Kingfisher (~> 4.10.1)
  - MJRefresh (~> 3.1.16)
  - Moya (~> 13.0.0)
  - Moya/RxSwift
  - PKHUD (~> 5.2.1)
  - RealmSwift (~> 3.14.1)
  - SnapKit (~> 4.2.0)

SPEC REPOS:
  https://github.com/cocoapods/specs.git:
    - Alamofire
    - Kingfisher
    - MJRefresh
    - Moya
    - PKHUD
    - Realm
    - RealmSwift
    - Result
    - RxSwift
    - SnapKit

SPEC CHECKSUMS:
  Alamofire: ae5c501addb7afdbb13687d7f2f722c78734c2d3
  Kingfisher: c148cd7b47ebde9989f6bc7c27dcaa79d81279a0
  MJRefresh: ee5b68f639775462faba4db0fd243baf4d42c2cf
  Moya: f4a4b80ff2f8a4ffc208dfb31cd91636622fee6e
  PKHUD: 4e6162c4c39ac367c6934e9855c6b4762ee16256
  Realm: 179c6706e3a49dbfe112e572fd3c03d3169bea35
  RealmSwift: 1797f272fb51c555b764fada32e82159a2c65247
  Result: bd966fac789cc6c1563440b348ab2598cc24d5c7
  RxSwift: f172070dfd1a93d70a9ab97a5a01166206e1c575
  SnapKit: fe8a619752f3f27075cc9a90244d75c6c3f27e2a

PODFILE CHECKSUM: 893bbacd8b39a4ea3426c6833b2792c5db14d8f3

COCOAPODS: 1.6.1
